// !$*UTF8*$!
{
	archiveVersion = 1;
	classes = {
	};
	objectVersion = 46;
	objects = {

/* Begin PBXBuildFile section */
		AD0CCE5D17E506DB00792099 /* Foundation.framework in Frameworks */ = {isa = PBXBuildFile; fileRef = AD0CCE5C17E506DB00792099 /* Foundation.framework */; };
		AD0CCE5F17E506DB00792099 /* CoreGraphics.framework in Frameworks */ = {isa = PBXBuildFile; fileRef = AD0CCE5E17E506DB00792099 /* CoreGraphics.framework */; };
		AD0CCE6117E506DB00792099 /* UIKit.framework in Frameworks */ = {isa = PBXBuildFile; fileRef = AD0CCE6017E506DB00792099 /* UIKit.framework */; };
		AD0CCE6717E506DB00792099 /* InfoPlist.strings in Resources */ = {isa = PBXBuildFile; fileRef = AD0CCE6517E506DB00792099 /* InfoPlist.strings */; };
		AD0CCE6917E506DB00792099 /* main.m in Sources */ = {isa = PBXBuildFile; fileRef = AD0CCE6817E506DB00792099 /* main.m */; };
		AD0CCE6F17E506DB00792099 /* Images.xcassets in Resources */ = {isa = PBXBuildFile; fileRef = AD0CCE6E17E506DB00792099 /* Images.xcassets */; };
		AD0CCE7617E506DB00792099 /* XCTest.framework in Frameworks */ = {isa = PBXBuildFile; fileRef = AD0CCE7517E506DB00792099 /* XCTest.framework */; };
		AD0CCE7717E506DB00792099 /* Foundation.framework in Frameworks */ = {isa = PBXBuildFile; fileRef = AD0CCE5C17E506DB00792099 /* Foundation.framework */; };
		AD0CCE7817E506DB00792099 /* UIKit.framework in Frameworks */ = {isa = PBXBuildFile; fileRef = AD0CCE6017E506DB00792099 /* UIKit.framework */; };
		AD0CCE8017E506DC00792099 /* InfoPlist.strings in Resources */ = {isa = PBXBuildFile; fileRef = AD0CCE7E17E506DC00792099 /* InfoPlist.strings */; };
		AD0CCE8217E506DC00792099 /* SampleAppTests.m in Sources */ = {isa = PBXBuildFile; fileRef = AD0CCE8117E506DC00792099 /* SampleAppTests.m */; };
		B1F7314BCA55458D94762F93 /* libPods.a in Frameworks */ = {isa = PBXBuildFile; fileRef = ED656CF1ACE74EEA9B13606B /* libPods.a */; };
		EA0D366817EDA3340022E216 /* CRDebugConfiguration.m in Sources */ = {isa = PBXBuildFile; fileRef = EA0D366717EDA3340022E216 /* CRDebugConfiguration.m */; };
		EA0D366C17EDA3B60022E216 /* CRAppearanceConfiguration.m in Sources */ = {isa = PBXBuildFile; fileRef = EA0D366B17EDA3B60022E216 /* CRAppearanceConfiguration.m */; };
		EA0D367017EDA4450022E216 /* CRDIAppearanceConfigurationModule.m in Sources */ = {isa = PBXBuildFile; fileRef = EA0D366F17EDA4450022E216 /* CRDIAppearanceConfigurationModule.m */; };
		EA0D367317EDA4EC0022E216 /* CRDIAPSNConfigurationModule.m in Sources */ = {isa = PBXBuildFile; fileRef = EA0D367217EDA4EC0022E216 /* CRDIAPSNConfigurationModule.m */; };
		EA0D367617EDA5680022E216 /* CRAPSNConfiguration.m in Sources */ = {isa = PBXBuildFile; fileRef = EA0D367517EDA5680022E216 /* CRAPSNConfiguration.m */; };
		EA0D36A317EDE6AB0022E216 /* CRSARootTranscation.m in Sources */ = {isa = PBXBuildFile; fileRef = EA0D36A217EDE6AB0022E216 /* CRSARootTranscation.m */; };
		EA0D36A817EDEEF40022E216 /* CRTransactionConfiguration.m in Sources */ = {isa = PBXBuildFile; fileRef = EA0D36A717EDEEF40022E216 /* CRTransactionConfiguration.m */; };
		EA0D36AB17EDF3100022E216 /* CRDITransactionConfigurationModule.m in Sources */ = {isa = PBXBuildFile; fileRef = EA0D36AA17EDF3100022E216 /* CRDITransactionConfigurationModule.m */; };
/* End PBXBuildFile section */

/* Begin PBXContainerItemProxy section */
		AD0CCE7917E506DC00792099 /* PBXContainerItemProxy */ = {
			isa = PBXContainerItemProxy;
			containerPortal = AD0CCE5117E506DB00792099 /* Project object */;
			proxyType = 1;
			remoteGlobalIDString = AD0CCE5817E506DB00792099;
			remoteInfo = SampleApp;
		};
/* End PBXContainerItemProxy section */

/* Begin PBXFileReference section */
		AD0CCE5917E506DB00792099 /* SampleApp.app */ = {isa = PBXFileReference; explicitFileType = wrapper.application; includeInIndex = 0; path = SampleApp.app; sourceTree = BUILT_PRODUCTS_DIR; };
		AD0CCE5C17E506DB00792099 /* Foundation.framework */ = {isa = PBXFileReference; lastKnownFileType = wrapper.framework; name = Foundation.framework; path = System/Library/Frameworks/Foundation.framework; sourceTree = SDKROOT; };
		AD0CCE5E17E506DB00792099 /* CoreGraphics.framework */ = {isa = PBXFileReference; lastKnownFileType = wrapper.framework; name = CoreGraphics.framework; path = System/Library/Frameworks/CoreGraphics.framework; sourceTree = SDKROOT; };
		AD0CCE6017E506DB00792099 /* UIKit.framework */ = {isa = PBXFileReference; lastKnownFileType = wrapper.framework; name = UIKit.framework; path = System/Library/Frameworks/UIKit.framework; sourceTree = SDKROOT; };
		AD0CCE6417E506DB00792099 /* SampleApp-Info.plist */ = {isa = PBXFileReference; lastKnownFileType = text.plist.xml; path = "SampleApp-Info.plist"; sourceTree = "<group>"; };
		AD0CCE6617E506DB00792099 /* en */ = {isa = PBXFileReference; lastKnownFileType = text.plist.strings; name = en; path = en.lproj/InfoPlist.strings; sourceTree = "<group>"; };
		AD0CCE6817E506DB00792099 /* main.m */ = {isa = PBXFileReference; lastKnownFileType = sourcecode.c.objc; path = main.m; sourceTree = "<group>"; };
		AD0CCE6A17E506DB00792099 /* SampleApp-Prefix.pch */ = {isa = PBXFileReference; lastKnownFileType = sourcecode.c.h; path = "SampleApp-Prefix.pch"; sourceTree = "<group>"; };
		AD0CCE6E17E506DB00792099 /* Images.xcassets */ = {isa = PBXFileReference; lastKnownFileType = folder.assetcatalog; path = Images.xcassets; sourceTree = "<group>"; };
		AD0CCE7417E506DB00792099 /* SampleAppTests.xctest */ = {isa = PBXFileReference; explicitFileType = wrapper.cfbundle; includeInIndex = 0; path = SampleAppTests.xctest; sourceTree = BUILT_PRODUCTS_DIR; };
		AD0CCE7517E506DB00792099 /* XCTest.framework */ = {isa = PBXFileReference; lastKnownFileType = wrapper.framework; name = XCTest.framework; path = Library/Frameworks/XCTest.framework; sourceTree = DEVELOPER_DIR; };
		AD0CCE7D17E506DC00792099 /* SampleAppTests-Info.plist */ = {isa = PBXFileReference; lastKnownFileType = text.plist.xml; path = "SampleAppTests-Info.plist"; sourceTree = "<group>"; };
		AD0CCE7F17E506DC00792099 /* en */ = {isa = PBXFileReference; lastKnownFileType = text.plist.strings; name = en; path = en.lproj/InfoPlist.strings; sourceTree = "<group>"; };
		AD0CCE8117E506DC00792099 /* SampleAppTests.m */ = {isa = PBXFileReference; lastKnownFileType = sourcecode.c.objc; path = SampleAppTests.m; sourceTree = "<group>"; };
		C777B3E4E79A4F17ADDE8892 /* Pods.xcconfig */ = {isa = PBXFileReference; includeInIndex = 1; lastKnownFileType = text.xcconfig; name = Pods.xcconfig; path = Pods/Pods.xcconfig; sourceTree = "<group>"; };
		EA0D366617EDA3340022E216 /* CRDebugConfiguration.h */ = {isa = PBXFileReference; fileEncoding = 4; lastKnownFileType = sourcecode.c.h; path = CRDebugConfiguration.h; sourceTree = "<group>"; };
		EA0D366717EDA3340022E216 /* CRDebugConfiguration.m */ = {isa = PBXFileReference; fileEncoding = 4; lastKnownFileType = sourcecode.c.objc; path = CRDebugConfiguration.m; sourceTree = "<group>"; };
		EA0D366A17EDA3B60022E216 /* CRAppearanceConfiguration.h */ = {isa = PBXFileReference; fileEncoding = 4; lastKnownFileType = sourcecode.c.h; path = CRAppearanceConfiguration.h; sourceTree = "<group>"; };
		EA0D366B17EDA3B60022E216 /* CRAppearanceConfiguration.m */ = {isa = PBXFileReference; fileEncoding = 4; lastKnownFileType = sourcecode.c.objc; path = CRAppearanceConfiguration.m; sourceTree = "<group>"; };
		EA0D366E17EDA4450022E216 /* CRDIAppearanceConfigurationModule.h */ = {isa = PBXFileReference; fileEncoding = 4; lastKnownFileType = sourcecode.c.h; path = CRDIAppearanceConfigurationModule.h; sourceTree = "<group>"; };
		EA0D366F17EDA4450022E216 /* CRDIAppearanceConfigurationModule.m */ = {isa = PBXFileReference; fileEncoding = 4; lastKnownFileType = sourcecode.c.objc; path = CRDIAppearanceConfigurationModule.m; sourceTree = "<group>"; };
		EA0D367117EDA4EC0022E216 /* CRDIAPSNConfigurationModule.h */ = {isa = PBXFileReference; fileEncoding = 4; lastKnownFileType = sourcecode.c.h; path = CRDIAPSNConfigurationModule.h; sourceTree = "<group>"; };
		EA0D367217EDA4EC0022E216 /* CRDIAPSNConfigurationModule.m */ = {isa = PBXFileReference; fileEncoding = 4; lastKnownFileType = sourcecode.c.objc; path = CRDIAPSNConfigurationModule.m; sourceTree = "<group>"; };
		EA0D367417EDA5680022E216 /* CRAPSNConfiguration.h */ = {isa = PBXFileReference; fileEncoding = 4; lastKnownFileType = sourcecode.c.h; path = CRAPSNConfiguration.h; sourceTree = "<group>"; };
		EA0D367517EDA5680022E216 /* CRAPSNConfiguration.m */ = {isa = PBXFileReference; fileEncoding = 4; lastKnownFileType = sourcecode.c.objc; path = CRAPSNConfiguration.m; sourceTree = "<group>"; };
		EA0D36A117EDE6AB0022E216 /* CRSARootTranscation.h */ = {isa = PBXFileReference; fileEncoding = 4; lastKnownFileType = sourcecode.c.h; path = CRSARootTranscation.h; sourceTree = "<group>"; };
		EA0D36A217EDE6AB0022E216 /* CRSARootTranscation.m */ = {isa = PBXFileReference; fileEncoding = 4; lastKnownFileType = sourcecode.c.objc; path = CRSARootTranscation.m; sourceTree = "<group>"; };
		EA0D36A617EDEEF40022E216 /* CRTransactionConfiguration.h */ = {isa = PBXFileReference; fileEncoding = 4; lastKnownFileType = sourcecode.c.h; path = CRTransactionConfiguration.h; sourceTree = "<group>"; };
		EA0D36A717EDEEF40022E216 /* CRTransactionConfiguration.m */ = {isa = PBXFileReference; fileEncoding = 4; lastKnownFileType = sourcecode.c.objc; path = CRTransactionConfiguration.m; sourceTree = "<group>"; };
		EA0D36A917EDF3100022E216 /* CRDITransactionConfigurationModule.h */ = {isa = PBXFileReference; fileEncoding = 4; lastKnownFileType = sourcecode.c.h; path = CRDITransactionConfigurationModule.h; sourceTree = "<group>"; };
		EA0D36AA17EDF3100022E216 /* CRDITransactionConfigurationModule.m */ = {isa = PBXFileReference; fileEncoding = 4; lastKnownFileType = sourcecode.c.objc; path = CRDITransactionConfigurationModule.m; sourceTree = "<group>"; };
		ED656CF1ACE74EEA9B13606B /* libPods.a */ = {isa = PBXFileReference; explicitFileType = archive.ar; includeInIndex = 0; path = libPods.a; sourceTree = BUILT_PRODUCTS_DIR; };
/* End PBXFileReference section */

/* Begin PBXFrameworksBuildPhase section */
		AD0CCE5617E506DB00792099 /* Frameworks */ = {
			isa = PBXFrameworksBuildPhase;
			buildActionMask = 2147483647;
			files = (
				AD0CCE5F17E506DB00792099 /* CoreGraphics.framework in Frameworks */,
				AD0CCE6117E506DB00792099 /* UIKit.framework in Frameworks */,
				AD0CCE5D17E506DB00792099 /* Foundation.framework in Frameworks */,
				B1F7314BCA55458D94762F93 /* libPods.a in Frameworks */,
			);
			runOnlyForDeploymentPostprocessing = 0;
		};
		AD0CCE7117E506DB00792099 /* Frameworks */ = {
			isa = PBXFrameworksBuildPhase;
			buildActionMask = 2147483647;
			files = (
				AD0CCE7617E506DB00792099 /* XCTest.framework in Frameworks */,
				AD0CCE7817E506DB00792099 /* UIKit.framework in Frameworks */,
				AD0CCE7717E506DB00792099 /* Foundation.framework in Frameworks */,
			);
			runOnlyForDeploymentPostprocessing = 0;
		};
/* End PBXFrameworksBuildPhase section */

/* Begin PBXGroup section */
		AD0CCE5017E506DB00792099 = {
			isa = PBXGroup;
			children = (
				AD0CCE6217E506DB00792099 /* SampleApp */,
				AD0CCE7B17E506DC00792099 /* SampleAppTests */,
				AD0CCE5B17E506DB00792099 /* Frameworks */,
				AD0CCE5A17E506DB00792099 /* Products */,
				C777B3E4E79A4F17ADDE8892 /* Pods.xcconfig */,
			);
			sourceTree = "<group>";
		};
		AD0CCE5A17E506DB00792099 /* Products */ = {
			isa = PBXGroup;
			children = (
				AD0CCE5917E506DB00792099 /* SampleApp.app */,
				AD0CCE7417E506DB00792099 /* SampleAppTests.xctest */,
			);
			name = Products;
			sourceTree = "<group>";
		};
		AD0CCE5B17E506DB00792099 /* Frameworks */ = {
			isa = PBXGroup;
			children = (
				AD0CCE5C17E506DB00792099 /* Foundation.framework */,
				AD0CCE5E17E506DB00792099 /* CoreGraphics.framework */,
				AD0CCE6017E506DB00792099 /* UIKit.framework */,
				AD0CCE7517E506DB00792099 /* XCTest.framework */,
				ED656CF1ACE74EEA9B13606B /* libPods.a */,
			);
			name = Frameworks;
			sourceTree = "<group>";
		};
		AD0CCE6217E506DB00792099 /* SampleApp */ = {
			isa = PBXGroup;
			children = (
				AD0CCEC217E518C000792099 /* Code */,
				AD0CCE6E17E506DB00792099 /* Images.xcassets */,
				AD0CCE6317E506DB00792099 /* Supporting Files */,
			);
			path = SampleApp;
			sourceTree = "<group>";
		};
		AD0CCE6317E506DB00792099 /* Supporting Files */ = {
			isa = PBXGroup;
			children = (
				AD0CCE6417E506DB00792099 /* SampleApp-Info.plist */,
				AD0CCE6517E506DB00792099 /* InfoPlist.strings */,
				AD0CCE6817E506DB00792099 /* main.m */,
				AD0CCE6A17E506DB00792099 /* SampleApp-Prefix.pch */,
			);
			name = "Supporting Files";
			sourceTree = "<group>";
		};
		AD0CCE7B17E506DC00792099 /* SampleAppTests */ = {
			isa = PBXGroup;
			children = (
				AD0CCE8117E506DC00792099 /* SampleAppTests.m */,
				AD0CCE7C17E506DC00792099 /* Supporting Files */,
			);
			path = SampleAppTests;
			sourceTree = "<group>";
		};
		AD0CCE7C17E506DC00792099 /* Supporting Files */ = {
			isa = PBXGroup;
			children = (
				AD0CCE7D17E506DC00792099 /* SampleAppTests-Info.plist */,
				AD0CCE7E17E506DC00792099 /* InfoPlist.strings */,
			);
			name = "Supporting Files";
			sourceTree = "<group>";
		};
		AD0CCEC217E518C000792099 /* Code */ = {
			isa = PBXGroup;
			children = (
				EA0D36A017EDE69C0022E216 /* Transactions */,
				EA0D366317EDA3240022E216 /* Configurations */,
			);
			path = Code;
			sourceTree = "<group>";
		};
		EA0D366317EDA3240022E216 /* Configurations */ = {
			isa = PBXGroup;
			children = (
				EA0D366417EDA3240022E216 /* Debug */,
				EA0D366517EDA3240022E216 /* Release */,
			);
			path = Configurations;
			sourceTree = "<group>";
		};
		EA0D366417EDA3240022E216 /* Debug */ = {
			isa = PBXGroup;
			children = (
				EA0D36A517EDEEE80022E216 /* TransactionConfiguration */,
				EA0D366D17EDA42B0022E216 /* DIConfigurations */,
				EA0D366917EDA3AA0022E216 /* AppDelegateConfiguration */,
				EA0D366617EDA3340022E216 /* CRDebugConfiguration.h */,
				EA0D366717EDA3340022E216 /* CRDebugConfiguration.m */,
			);
			path = Debug;
			sourceTree = "<group>";
		};
		EA0D366517EDA3240022E216 /* Release */ = {
			isa = PBXGroup;
			children = (
			);
			path = Release;
			sourceTree = "<group>";
		};
		EA0D366917EDA3AA0022E216 /* AppDelegateConfiguration */ = {
			isa = PBXGroup;
			children = (
				EA0D366A17EDA3B60022E216 /* CRAppearanceConfiguration.h */,
				EA0D366B17EDA3B60022E216 /* CRAppearanceConfiguration.m */,
				EA0D367417EDA5680022E216 /* CRAPSNConfiguration.h */,
				EA0D367517EDA5680022E216 /* CRAPSNConfiguration.m */,
			);
			path = AppDelegateConfiguration;
			sourceTree = "<group>";
		};
		EA0D366D17EDA42B0022E216 /* DIConfigurations */ = {
			isa = PBXGroup;
			children = (
				EA0D366E17EDA4450022E216 /* CRDIAppearanceConfigurationModule.h */,
				EA0D366F17EDA4450022E216 /* CRDIAppearanceConfigurationModule.m */,
				EA0D367117EDA4EC0022E216 /* CRDIAPSNConfigurationModule.h */,
				EA0D367217EDA4EC0022E216 /* CRDIAPSNConfigurationModule.m */,
				EA0D36A917EDF3100022E216 /* CRDITransactionConfigurationModule.h */,
				EA0D36AA17EDF3100022E216 /* CRDITransactionConfigurationModule.m */,
			);
			path = DIConfigurations;
			sourceTree = "<group>";
		};
		EA0D36A017EDE69C0022E216 /* Transactions */ = {
			isa = PBXGroup;
			children = (
				EA0D36A117EDE6AB0022E216 /* CRSARootTranscation.h */,
				EA0D36A217EDE6AB0022E216 /* CRSARootTranscation.m */,
			);
			path = Transactions;
			sourceTree = "<group>";
		};
		EA0D36A517EDEEE80022E216 /* TransactionConfiguration */ = {
			isa = PBXGroup;
			children = (
				EA0D36A617EDEEF40022E216 /* CRTransactionConfiguration.h */,
				EA0D36A717EDEEF40022E216 /* CRTransactionConfiguration.m */,
			);
			path = TransactionConfiguration;
			sourceTree = "<group>";
		};
/* End PBXGroup section */

/* Begin PBXNativeTarget section */
		AD0CCE5817E506DB00792099 /* SampleApp */ = {
			isa = PBXNativeTarget;
			buildConfigurationList = AD0CCE8517E506DC00792099 /* Build configuration list for PBXNativeTarget "SampleApp" */;
			buildPhases = (
				3CAF01208BCD4B05BE185482 /* Check Pods Manifest.lock */,
				AD0CCE5517E506DB00792099 /* Sources */,
				AD0CCE5617E506DB00792099 /* Frameworks */,
				AD0CCE5717E506DB00792099 /* Resources */,
				A3C02CB206934AB0A0DCE524 /* Copy Pods Resources */,
			);
			buildRules = (
			);
			dependencies = (
			);
			name = SampleApp;
			productName = SampleApp;
			productReference = AD0CCE5917E506DB00792099 /* SampleApp.app */;
			productType = "com.apple.product-type.application";
		};
		AD0CCE7317E506DB00792099 /* SampleAppTests */ = {
			isa = PBXNativeTarget;
			buildConfigurationList = AD0CCE8817E506DC00792099 /* Build configuration list for PBXNativeTarget "SampleAppTests" */;
			buildPhases = (
				AD0CCE7017E506DB00792099 /* Sources */,
				AD0CCE7117E506DB00792099 /* Frameworks */,
				AD0CCE7217E506DB00792099 /* Resources */,
			);
			buildRules = (
			);
			dependencies = (
				AD0CCE7A17E506DC00792099 /* PBXTargetDependency */,
			);
			name = SampleAppTests;
			productName = SampleAppTests;
			productReference = AD0CCE7417E506DB00792099 /* SampleAppTests.xctest */;
			productType = "com.apple.product-type.bundle.unit-test";
		};
/* End PBXNativeTarget section */

/* Begin PBXProject section */
		AD0CCE5117E506DB00792099 /* Project object */ = {
			isa = PBXProject;
			attributes = {
				CLASSPREFIX = CR;
				LastUpgradeCheck = 0500;
				ORGANIZATIONNAME = CriolloKit;
				TargetAttributes = {
					AD0CCE7317E506DB00792099 = {
						TestTargetID = AD0CCE5817E506DB00792099;
					};
				};
			};
			buildConfigurationList = AD0CCE5417E506DB00792099 /* Build configuration list for PBXProject "SampleApp" */;
			compatibilityVersion = "Xcode 3.2";
			developmentRegion = English;
			hasScannedForEncodings = 0;
			knownRegions = (
				en,
			);
			mainGroup = AD0CCE5017E506DB00792099;
			productRefGroup = AD0CCE5A17E506DB00792099 /* Products */;
			projectDirPath = "";
			projectRoot = "";
			targets = (
				AD0CCE5817E506DB00792099 /* SampleApp */,
				AD0CCE7317E506DB00792099 /* SampleAppTests */,
			);
		};
/* End PBXProject section */

/* Begin PBXResourcesBuildPhase section */
		AD0CCE5717E506DB00792099 /* Resources */ = {
			isa = PBXResourcesBuildPhase;
			buildActionMask = 2147483647;
			files = (
				AD0CCE6717E506DB00792099 /* InfoPlist.strings in Resources */,
				AD0CCE6F17E506DB00792099 /* Images.xcassets in Resources */,
			);
			runOnlyForDeploymentPostprocessing = 0;
		};
		AD0CCE7217E506DB00792099 /* Resources */ = {
			isa = PBXResourcesBuildPhase;
			buildActionMask = 2147483647;
			files = (
				AD0CCE8017E506DC00792099 /* InfoPlist.strings in Resources */,
			);
			runOnlyForDeploymentPostprocessing = 0;
		};
/* End PBXResourcesBuildPhase section */

/* Begin PBXShellScriptBuildPhase section */
		3CAF01208BCD4B05BE185482 /* Check Pods Manifest.lock */ = {
			isa = PBXShellScriptBuildPhase;
			buildActionMask = 2147483647;
			files = (
			);
			inputPaths = (
			);
			name = "Check Pods Manifest.lock";
			outputPaths = (
			);
			runOnlyForDeploymentPostprocessing = 0;
			shellPath = /bin/sh;
			shellScript = "diff \"${PODS_ROOT}/../Podfile.lock\" \"${PODS_ROOT}/Manifest.lock\" > /dev/null\nif [[ $? != 0 ]] ; then\n    cat << EOM\nerror: The sandbox is not in sync with the Podfile.lock. Run 'pod install' or update your CocoaPods installation.\nEOM\n    exit 1\nfi\n";
			showEnvVarsInLog = 0;
		};
		A3C02CB206934AB0A0DCE524 /* Copy Pods Resources */ = {
			isa = PBXShellScriptBuildPhase;
			buildActionMask = 2147483647;
			files = (
			);
			inputPaths = (
			);
			name = "Copy Pods Resources";
			outputPaths = (
			);
			runOnlyForDeploymentPostprocessing = 0;
			shellPath = /bin/sh;
			shellScript = "\"${SRCROOT}/Pods/Pods-resources.sh\"\n";
			showEnvVarsInLog = 0;
		};
/* End PBXShellScriptBuildPhase section */

/* Begin PBXSourcesBuildPhase section */
		AD0CCE5517E506DB00792099 /* Sources */ = {
			isa = PBXSourcesBuildPhase;
			buildActionMask = 2147483647;
			files = (
				EA0D366C17EDA3B60022E216 /* CRAppearanceConfiguration.m in Sources */,
				EA0D36A317EDE6AB0022E216 /* CRSARootTranscation.m in Sources */,
				EA0D36AB17EDF3100022E216 /* CRDITransactionConfigurationModule.m in Sources */,
				EA0D36A817EDEEF40022E216 /* CRTransactionConfiguration.m in Sources */,
				EA0D367617EDA5680022E216 /* CRAPSNConfiguration.m in Sources */,
				EA0D367317EDA4EC0022E216 /* CRDIAPSNConfigurationModule.m in Sources */,
				AD0CCE6917E506DB00792099 /* main.m in Sources */,
				EA0D367017EDA4450022E216 /* CRDIAppearanceConfigurationModule.m in Sources */,
				EA0D366817EDA3340022E216 /* CRDebugConfiguration.m in Sources */,
			);
			runOnlyForDeploymentPostprocessing = 0;
		};
		AD0CCE7017E506DB00792099 /* Sources */ = {
			isa = PBXSourcesBuildPhase;
			buildActionMask = 2147483647;
			files = (
				AD0CCE8217E506DC00792099 /* SampleAppTests.m in Sources */,
			);
			runOnlyForDeploymentPostprocessing = 0;
		};
/* End PBXSourcesBuildPhase section */

/* Begin PBXTargetDependency section */
		AD0CCE7A17E506DC00792099 /* PBXTargetDependency */ = {
			isa = PBXTargetDependency;
			target = AD0CCE5817E506DB00792099 /* SampleApp */;
			targetProxy = AD0CCE7917E506DC00792099 /* PBXContainerItemProxy */;
		};
/* End PBXTargetDependency section */

/* Begin PBXVariantGroup section */
		AD0CCE6517E506DB00792099 /* InfoPlist.strings */ = {
			isa = PBXVariantGroup;
			children = (
				AD0CCE6617E506DB00792099 /* en */,
			);
			name = InfoPlist.strings;
			sourceTree = "<group>";
		};
		AD0CCE7E17E506DC00792099 /* InfoPlist.strings */ = {
			isa = PBXVariantGroup;
			children = (
				AD0CCE7F17E506DC00792099 /* en */,
			);
			name = InfoPlist.strings;
			sourceTree = "<group>";
		};
/* End PBXVariantGroup section */

/* Begin XCBuildConfiguration section */
		AD0CCE8317E506DC00792099 /* Debug */ = {
			isa = XCBuildConfiguration;
			buildSettings = {
				ALWAYS_SEARCH_USER_PATHS = NO;
				ARCHS = "$(ARCHS_STANDARD_INCLUDING_64_BIT)";
				CLANG_CXX_LANGUAGE_STANDARD = "gnu++0x";
				CLANG_CXX_LIBRARY = "libc++";
				CLANG_ENABLE_MODULES = YES;
				CLANG_ENABLE_OBJC_ARC = YES;
				CLANG_WARN_BOOL_CONVERSION = YES;
				CLANG_WARN_CONSTANT_CONVERSION = YES;
				CLANG_WARN_DIRECT_OBJC_ISA_USAGE = YES_ERROR;
				CLANG_WARN_EMPTY_BODY = YES;
				CLANG_WARN_ENUM_CONVERSION = YES;
				CLANG_WARN_INT_CONVERSION = YES;
				CLANG_WARN_OBJC_ROOT_CLASS = YES_ERROR;
				CLANG_WARN__DUPLICATE_METHOD_MATCH = YES;
				"CODE_SIGN_IDENTITY[sdk=iphoneos*]" = "iPhone Developer";
				COPY_PHASE_STRIP = NO;
				GCC_C_LANGUAGE_STANDARD = gnu99;
				GCC_DYNAMIC_NO_PIC = NO;
				GCC_OPTIMIZATION_LEVEL = 0;
				GCC_PREPROCESSOR_DEFINITIONS = (
					"DEBUG=1",
					"$(inherited)",
				);
				GCC_SYMBOLS_PRIVATE_EXTERN = NO;
				GCC_WARN_64_TO_32_BIT_CONVERSION = YES;
				GCC_WARN_ABOUT_RETURN_TYPE = YES_ERROR;
				GCC_WARN_UNDECLARED_SELECTOR = YES;
				GCC_WARN_UNINITIALIZED_AUTOS = YES;
				GCC_WARN_UNUSED_FUNCTION = YES;
				GCC_WARN_UNUSED_VARIABLE = YES;
				IPHONEOS_DEPLOYMENT_TARGET = 7.0;
				ONLY_ACTIVE_ARCH = YES;
				SDKROOT = iphoneos;
				TARGETED_DEVICE_FAMILY = "1,2";
			};
			name = Debug;
		};
		AD0CCE8417E506DC00792099 /* Release */ = {
			isa = XCBuildConfiguration;
			buildSettings = {
				ALWAYS_SEARCH_USER_PATHS = NO;
				ARCHS = "$(ARCHS_STANDARD_INCLUDING_64_BIT)";
				CLANG_CXX_LANGUAGE_STANDARD = "gnu++0x";
				CLANG_CXX_LIBRARY = "libc++";
				CLANG_ENABLE_MODULES = YES;
				CLANG_ENABLE_OBJC_ARC = YES;
				CLANG_WARN_BOOL_CONVERSION = YES;
				CLANG_WARN_CONSTANT_CONVERSION = YES;
				CLANG_WARN_DIRECT_OBJC_ISA_USAGE = YES_ERROR;
				CLANG_WARN_EMPTY_BODY = YES;
				CLANG_WARN_ENUM_CONVERSION = YES;
				CLANG_WARN_INT_CONVERSION = YES;
				CLANG_WARN_OBJC_ROOT_CLASS = YES_ERROR;
				CLANG_WARN__DUPLICATE_METHOD_MATCH = YES;
				"CODE_SIGN_IDENTITY[sdk=iphoneos*]" = "iPhone Developer";
				COPY_PHASE_STRIP = YES;
				ENABLE_NS_ASSERTIONS = NO;
				GCC_C_LANGUAGE_STANDARD = gnu99;
				GCC_WARN_64_TO_32_BIT_CONVERSION = YES;
				GCC_WARN_ABOUT_RETURN_TYPE = YES_ERROR;
				GCC_WARN_UNDECLARED_SELECTOR = YES;
				GCC_WARN_UNINITIALIZED_AUTOS = YES;
				GCC_WARN_UNUSED_FUNCTION = YES;
				GCC_WARN_UNUSED_VARIABLE = YES;
				IPHONEOS_DEPLOYMENT_TARGET = 7.0;
				SDKROOT = iphoneos;
				TARGETED_DEVICE_FAMILY = "1,2";
				VALIDATE_PRODUCT = YES;
			};
			name = Release;
		};
		AD0CCE8617E506DC00792099 /* Debug */ = {
			isa = XCBuildConfiguration;
			baseConfigurationReference = C777B3E4E79A4F17ADDE8892 /* Pods.xcconfig */;
			buildSettings = {
				ASSETCATALOG_COMPILER_APPICON_NAME = AppIcon;
				ASSETCATALOG_COMPILER_LAUNCHIMAGE_NAME = LaunchImage;
				GCC_PRECOMPILE_PREFIX_HEADER = YES;
				GCC_PREFIX_HEADER = "SampleApp/SampleApp-Prefix.pch";
				INFOPLIST_FILE = "SampleApp/SampleApp-Info.plist";
				PRODUCT_NAME = "$(TARGET_NAME)";
				WRAPPER_EXTENSION = app;
			};
			name = Debug;
		};
		AD0CCE8717E506DC00792099 /* Release */ = {
			isa = XCBuildConfiguration;
			baseConfigurationReference = C777B3E4E79A4F17ADDE8892 /* Pods.xcconfig */;
			buildSettings = {
				ASSETCATALOG_COMPILER_APPICON_NAME = AppIcon;
				ASSETCATALOG_COMPILER_LAUNCHIMAGE_NAME = LaunchImage;
				GCC_PRECOMPILE_PREFIX_HEADER = YES;
				GCC_PREFIX_HEADER = "SampleApp/SampleApp-Prefix.pch";
				INFOPLIST_FILE = "SampleApp/SampleApp-Info.plist";
				PRODUCT_NAME = "$(TARGET_NAME)";
				WRAPPER_EXTENSION = app;
			};
			name = Release;
		};
		AD0CCE8917E506DC00792099 /* Debug */ = {
			isa = XCBuildConfiguration;
			buildSettings = {
				ARCHS = "$(ARCHS_STANDARD_INCLUDING_64_BIT)";
				BUNDLE_LOADER = "$(BUILT_PRODUCTS_DIR)/SampleApp.app/SampleApp";
				FRAMEWORK_SEARCH_PATHS = (
					"$(SDKROOT)/Developer/Library/Frameworks",
					"$(inherited)",
					"$(DEVELOPER_FRAMEWORKS_DIR)",
				);
				GCC_PRECOMPILE_PREFIX_HEADER = YES;
				GCC_PREFIX_HEADER = "SampleApp/SampleApp-Prefix.pch";
				GCC_PREPROCESSOR_DEFINITIONS = (
					"DEBUG=1",
					"$(inherited)",
				);
				INFOPLIST_FILE = "SampleAppTests/SampleAppTests-Info.plist";
				PRODUCT_NAME = "$(TARGET_NAME)";
				TEST_HOST = "$(BUNDLE_LOADER)";
				WRAPPER_EXTENSION = xctest;
			};
			name = Debug;
		};
		AD0CCE8A17E506DC00792099 /* Release */ = {
			isa = XCBuildConfiguration;
			buildSettings = {
				ARCHS = "$(ARCHS_STANDARD_INCLUDING_64_BIT)";
				BUNDLE_LOADER = "$(BUILT_PRODUCTS_DIR)/SampleApp.app/SampleApp";
				FRAMEWORK_SEARCH_PATHS = (
					"$(SDKROOT)/Developer/Library/Frameworks",
					"$(inherited)",
					"$(DEVELOPER_FRAMEWORKS_DIR)",
				);
				GCC_PRECOMPILE_PREFIX_HEADER = YES;
				GCC_PREFIX_HEADER = "SampleApp/SampleApp-Prefix.pch";
				INFOPLIST_FILE = "SampleAppTests/SampleAppTests-Info.plist";
				PRODUCT_NAME = "$(TARGET_NAME)";
				TEST_HOST = "$(BUNDLE_LOADER)";
				WRAPPER_EXTENSION = xctest;
			};
			name = Release;
		};
/* End XCBuildConfiguration section */

/* Begin XCConfigurationList section */
		AD0CCE5417E506DB00792099 /* Build configuration list for PBXProject "SampleApp" */ = {
			isa = XCConfigurationList;
			buildConfigurations = (
				AD0CCE8317E506DC00792099 /* Debug */,
				AD0CCE8417E506DC00792099 /* Release */,
			);
			defaultConfigurationIsVisible = 0;
			defaultConfigurationName = Release;
		};
		AD0CCE8517E506DC00792099 /* Build configuration list for PBXNativeTarget "SampleApp" */ = {
			isa = XCConfigurationList;
			buildConfigurations = (
				AD0CCE8617E506DC00792099 /* Debug */,
				AD0CCE8717E506DC00792099 /* Release */,
			);
			defaultConfigurationIsVisible = 0;
			defaultConfigurationName = Release;
		};
		AD0CCE8817E506DC00792099 /* Build configuration list for PBXNativeTarget "SampleAppTests" */ = {
			isa = XCConfigurationList;
			buildConfigurations = (
				AD0CCE8917E506DC00792099 /* Debug */,
				AD0CCE8A17E506DC00792099 /* Release */,
			);
			defaultConfigurationIsVisible = 0;
			defaultConfigurationName = Release;
		};
/* End XCConfigurationList section */
	};
	rootObject = AD0CCE5117E506DB00792099 /* Project object */;
}
